
Microsoft Visual Studio Solution File, Format Version 12.00
# Visual Studio 11
Project("{FAE04EC0-301F-11D3-BF4B-00C04F79EFBC}") = "WhoIzIt.Model", "WhoIzIt.Model\WhoIzIt.Model.csproj", "{6A7BDC41-EDDF-4B10-A041-D7232F6BF32A}"
EndProject
Project("{FAE04EC0-301F-11D3-BF4B-00C04F79EFBC}") = "WhoIzIt.BLL", "WhiIzIt.BLL\WhoIzIt.BLL.csproj", "{025618A6-40C2-4A6B-9FCD-5ED4A7C6A6F3}"
EndProject
Project("{FAE04EC0-301F-11D3-BF4B-00C04F79EFBC}") = "whoIzIt.Web", "whoIzIt.Web\whoIzIt.Web.csproj", "{F3E20617-F4C5-4953-BEAA-013822BE0C16}"
EndProject
Global
	GlobalSection(SolutionConfigurationPlatforms) = preSolution
		Debug|Any CPU = Debug|Any CPU
		Release|Any CPU = Release|Any CPU
	EndGlobalSection
	GlobalSection(ProjectConfigurationPlatforms) = postSolution
		{025618A6-40C2-4A6B-9FCD-5ED4A7C6A6F3}.Debug|Any CPU.ActiveCfg = Debug|Any CPU
		{025618A6-40C2-4A6B-9FCD-5ED4A7C6A6F3}.Debug|Any CPU.Build.0 = Debug|Any CPU
		{025618A6-40C2-4A6B-9FCD-5ED4A7C6A6F3}.Release|Any CPU.ActiveCfg = Release|Any CPU
		{025618A6-40C2-4A6B-9FCD-5ED4A7C6A6F3}.Release|Any CPU.Build.0 = Release|Any CPU
		{6A7BDC41-EDDF-4B10-A041-D7232F6BF32A}.Debug|Any CPU.ActiveCfg = Debug|Any CPU
		{6A7BDC41-EDDF-4B10-A041-D7232F6BF32A}.Debug|Any CPU.Build.0 = Debug|Any CPU
		{6A7BDC41-EDDF-4B10-A041-D7232F6BF32A}.Release|Any CPU.ActiveCfg = Release|Any CPU
		{6A7BDC41-EDDF-4B10-A041-D7232F6BF32A}.Release|Any CPU.Build.0 = Release|Any CPU
		{F3E20617-F4C5-4953-BEAA-013822BE0C16}.Debug|Any CPU.ActiveCfg = Debug|Any CPU
		{F3E20617-F4C5-4953-BEAA-013822BE0C16}.Debug|Any CPU.Build.0 = Debug|Any CPU
		{F3E20617-F4C5-4953-BEAA-013822BE0C16}.Release|Any CPU.ActiveCfg = Release|Any CPU
		{F3E20617-F4C5-4953-BEAA-013822BE0C16}.Release|Any CPU.Build.0 = Release|Any CPU
	EndGlobalSection
	GlobalSection(SolutionProperties) = preSolution
		HideSolutionNode = FALSE
	EndGlobalSection
EndGlobal
