
Microsoft Visual Studio Solution File, Format Version 11.00
# Visual Studio 2010
Project("{CC5FD16D-436D-48AD-A40C-5A424C6E3E79}") = "GuessGame.Cloud", "GuessGame.Cloud\GuessGame.Cloud.ccproj", "{820BE99A-F789-493F-A51C-C11CBD4AFEAB}"
EndProject
Project("{FAE04EC0-301F-11D3-BF4B-00C04F79EFBC}") = "GameApp.WebRole", "GameApp.WebRole\GameApp.WebRole.csproj", "{1B9D8F08-E1B5-4C74-97DB-936C90EDEAA1}"
EndProject
Global
	GlobalSection(SolutionConfigurationPlatforms) = preSolution
		Debug|Any CPU = Debug|Any CPU
		Release|Any CPU = Release|Any CPU
	EndGlobalSection
	GlobalSection(ProjectConfigurationPlatforms) = postSolution
		{820BE99A-F789-493F-A51C-C11CBD4AFEAB}.Debug|Any CPU.ActiveCfg = Debug|Any CPU
		{820BE99A-F789-493F-A51C-C11CBD4AFEAB}.Debug|Any CPU.Build.0 = Debug|Any CPU
		{820BE99A-F789-493F-A51C-C11CBD4AFEAB}.Release|Any CPU.ActiveCfg = Release|Any CPU
		{820BE99A-F789-493F-A51C-C11CBD4AFEAB}.Release|Any CPU.Build.0 = Release|Any CPU
		{1B9D8F08-E1B5-4C74-97DB-936C90EDEAA1}.Debug|Any CPU.ActiveCfg = Debug|Any CPU
		{1B9D8F08-E1B5-4C74-97DB-936C90EDEAA1}.Debug|Any CPU.Build.0 = Debug|Any CPU
		{1B9D8F08-E1B5-4C74-97DB-936C90EDEAA1}.Release|Any CPU.ActiveCfg = Release|Any CPU
		{1B9D8F08-E1B5-4C74-97DB-936C90EDEAA1}.Release|Any CPU.Build.0 = Release|Any CPU
	EndGlobalSection
	GlobalSection(SolutionProperties) = preSolution
		HideSolutionNode = FALSE
	EndGlobalSection
EndGlobal
